{
  "originHash" : "ce4c3062a7f96cc2ab4508fb756ae27c359e4ca820247e26d09b0021a81d0fe1",
  "pins" : [
    {
      "identity" : "aws-sdk-ios-spm",
      "kind" : "remoteSourceControl",
      "location" : "https://github.com/aws-amplify/aws-sdk-ios-spm",
      "state" : {
        "revision" : "ca31418963a90bac80538e13f6b7af87ea14d279",
        "version" : "2.33.4"
      }
    },
    {
      "identity" : "truvideo-sdk-ios-camera",
      "kind" : "remoteSourceControl",
      "location" : "https://github.com/Truvideo/truvideo-sdk-ios-camera.git",
      "state" : {
        "revision" : "1de2fb58b3d1c0c2134af6cac2f8593c59cdfad2",
        "version" : "76.4.0"
      }
    },
    {
      "identity" : "truvideo-sdk-ios-core",
      "kind" : "remoteSourceControl",
      "location" : "https://github.com/Truvideo/truvideo-sdk-ios-core.git",
      "state" : {
        "revision" : "1b311d46e8b91def5c7ee250c1c4deab9e958603",
        "version" : "76.2.1"
      }
    }
  ],
  "version" : 3
}
